
Microsoft Visual Studio Solution File, Format Version 12.00
# Visual Studio Version 17
VisualStudioVersion = 17.3.32922.545
MinimumVisualStudioVersion = 10.0.40219.1
Project("{FAE04EC0-301F-11D3-BF4B-00C04F79EFBC}") = "KafkaExample.Consumer", "KafkaExample.Consumer\KafkaExample.Consumer.csproj", "{37CAEB22-6AA7-4317-9228-E5C4AC0583E9}"
EndProject
Project("{9A19103F-16F7-4668-BE54-9A1E7A4F7556}") = "KafkaExample.Producer", "KafkaExample.Producer\KafkaExample.Producer.csproj", "{B7FE7B23-955A-46B9-B4EC-ED915A5B1FF9}"
EndProject
Project("{FAE04EC0-301F-11D3-BF4B-00C04F79EFBC}") = "KafkaExample.Models", "KafkaExample.Models\KafkaExample.Models.csproj", "{843D76C7-9E56-4F4D-BA38-FF956082E08A}"
EndProject
Global
	GlobalSection(SolutionConfigurationPlatforms) = preSolution
		Debug|Any CPU = Debug|Any CPU
		Release|Any CPU = Release|Any CPU
	EndGlobalSection
	GlobalSection(ProjectConfigurationPlatforms) = postSolution
		{37CAEB22-6AA7-4317-9228-E5C4AC0583E9}.Debug|Any CPU.ActiveCfg = Debug|Any CPU
		{37CAEB22-6AA7-4317-9228-E5C4AC0583E9}.Debug|Any CPU.Build.0 = Debug|Any CPU
		{37CAEB22-6AA7-4317-9228-E5C4AC0583E9}.Release|Any CPU.ActiveCfg = Release|Any CPU
		{37CAEB22-6AA7-4317-9228-E5C4AC0583E9}.Release|Any CPU.Build.0 = Release|Any CPU
		{B7FE7B23-955A-46B9-B4EC-ED915A5B1FF9}.Debug|Any CPU.ActiveCfg = Debug|Any CPU
		{B7FE7B23-955A-46B9-B4EC-ED915A5B1FF9}.Debug|Any CPU.Build.0 = Debug|Any CPU
		{B7FE7B23-955A-46B9-B4EC-ED915A5B1FF9}.Release|Any CPU.ActiveCfg = Release|Any CPU
		{B7FE7B23-955A-46B9-B4EC-ED915A5B1FF9}.Release|Any CPU.Build.0 = Release|Any CPU
		{843D76C7-9E56-4F4D-BA38-FF956082E08A}.Debug|Any CPU.ActiveCfg = Debug|Any CPU
		{843D76C7-9E56-4F4D-BA38-FF956082E08A}.Debug|Any CPU.Build.0 = Debug|Any CPU
		{843D76C7-9E56-4F4D-BA38-FF956082E08A}.Release|Any CPU.ActiveCfg = Release|Any CPU
		{843D76C7-9E56-4F4D-BA38-FF956082E08A}.Release|Any CPU.Build.0 = Release|Any CPU
	EndGlobalSection
	GlobalSection(SolutionProperties) = preSolution
		HideSolutionNode = FALSE
	EndGlobalSection
	GlobalSection(ExtensibilityGlobals) = postSolution
		SolutionGuid = {99F174C6-CE76-4E2F-8295-B0F1DD484823}
	EndGlobalSection
EndGlobal
